{
  "name": "whodiskit",
  "version": "1.0.0",
  "lockfileVersion": 3,
  "requires": true,
  "packages": {
    "": {
      "name": "whodiskit",
      "version": "1.0.0",
      "license": "MIT",
      "dependencies": {
        "whodiskit": "^1.0.0"
      },
      "bin": {
        "whodis": "index.js"
      },
      "engines": {
        "node": ">=18"
      }
    },
    "node_modules/whodiskit": {
      "version": "1.0.0",
      "resolved": "https://registry.npmjs.org/whodiskit/-/whodiskit-1.0.0.tgz",
      "integrity": "sha512-M+0Jinjksci4XdmvTsldVJbE8ojoCa6kG3mXd4GOHnyTW9dYOSwSv8PoWk9IYlUG8P2uXju2x00dmrKXKZNChA==",
      "license": "MIT",
      "bin": {
        "whodis": "index.js"
      },
      "engines": {
        "node": ">=18"
      }
    }
  }
}
